{
  "name": "slopspotter-extension",
  "lockfileVersion": 3,
  "requires": true,
  "packages": {
    "": {
      "devDependencies": {
        "@types/firefox-webext-browser": "^120.0.5",
        "@types/webextension-polyfill": "^0.12.4"
      }
    },
    "node_modules/@types/firefox-webext-browser": {
      "version": "120.0.5",
      "resolved": "https://registry.npmjs.org/@types/firefox-webext-browser/-/firefox-webext-browser-120.0.5.tgz",
      "integrity": "sha512-imn8ecga0HQWcOSvxy9i0lD+7vpHgkj1NVLvXS1lNHqHt03Z4QwazeEdoWe+C9JXpmVyKiRanb+z9D/w001tRg==",
      "dev": true
    },
    "node_modules/@types/webextension-polyfill": {
      "version": "0.12.4",
      "resolved": "https://registry.npmjs.org/@types/webextension-polyfill/-/webextension-polyfill-0.12.4.tgz",
      "integrity": "sha512-wK8YdSI0pDiaehSLDIvtvonYmLwUUivg4Z6JCJO8rkyssMAG82cFJgwPK/V7NO61mJBLg/tXeoXQL8AFzpXZmQ==",
      "dev": true
    }
  }
}
